
Microsoft Visual Studio Solution File, Format Version 12.00
# Visual Studio 15
VisualStudioVersion = 15.0.26730.16
MinimumVisualStudioVersion = 10.0.40219.1
Project("{00D1A9C2-B5F0-4AF3-8072-F6C62B433612}") = "ExceltoSQLFinal", "ExceltoSQLFinal\ExceltoSQLFinal.sqlproj", "{CDAA858E-1B14-4C2A-AB83-AD443DA4F823}"
EndProject
Global
	GlobalSection(SolutionConfigurationPlatforms) = preSolution
		Debug|Any CPU = Debug|Any CPU
		Release|Any CPU = Release|Any CPU
	EndGlobalSection
	GlobalSection(ProjectConfigurationPlatforms) = postSolution
		{CDAA858E-1B14-4C2A-AB83-AD443DA4F823}.Debug|Any CPU.ActiveCfg = Debug|Any CPU
		{CDAA858E-1B14-4C2A-AB83-AD443DA4F823}.Debug|Any CPU.Build.0 = Debug|Any CPU
		{CDAA858E-1B14-4C2A-AB83-AD443DA4F823}.Debug|Any CPU.Deploy.0 = Debug|Any CPU
		{CDAA858E-1B14-4C2A-AB83-AD443DA4F823}.Release|Any CPU.ActiveCfg = Release|Any CPU
		{CDAA858E-1B14-4C2A-AB83-AD443DA4F823}.Release|Any CPU.Build.0 = Release|Any CPU
		{CDAA858E-1B14-4C2A-AB83-AD443DA4F823}.Release|Any CPU.Deploy.0 = Release|Any CPU
	EndGlobalSection
	GlobalSection(SolutionProperties) = preSolution
		HideSolutionNode = FALSE
	EndGlobalSection
	GlobalSection(ExtensibilityGlobals) = postSolution
		SolutionGuid = {AD93A70D-4865-494C-BB4A-E097A51D4C16}
	EndGlobalSection
EndGlobal
