
Microsoft Visual Studio Solution File, Format Version 12.00
# Visual Studio 15
VisualStudioVersion = 15.0.26730.16
MinimumVisualStudioVersion = 10.0.40219.1
Project("{FAE04EC0-301F-11D3-BF4B-00C04F79EFBC}") = "CS-ASP_035", "CS-ASP_035\CS-ASP_035.csproj", "{74B5EE23-7056-427B-9FC9-C732E6C55539}"
EndProject
Global
	GlobalSection(SolutionConfigurationPlatforms) = preSolution
		Debug|Any CPU = Debug|Any CPU
		Release|Any CPU = Release|Any CPU
	EndGlobalSection
	GlobalSection(ProjectConfigurationPlatforms) = postSolution
		{74B5EE23-7056-427B-9FC9-C732E6C55539}.Debug|Any CPU.ActiveCfg = Debug|Any CPU
		{74B5EE23-7056-427B-9FC9-C732E6C55539}.Debug|Any CPU.Build.0 = Debug|Any CPU
		{74B5EE23-7056-427B-9FC9-C732E6C55539}.Release|Any CPU.ActiveCfg = Release|Any CPU
		{74B5EE23-7056-427B-9FC9-C732E6C55539}.Release|Any CPU.Build.0 = Release|Any CPU
	EndGlobalSection
	GlobalSection(SolutionProperties) = preSolution
		HideSolutionNode = FALSE
	EndGlobalSection
	GlobalSection(ExtensibilityGlobals) = postSolution
		SolutionGuid = {7620C27D-19A3-4123-AFDC-BC7D6C2D5B97}
	EndGlobalSection
EndGlobal
