
Microsoft Visual Studio Solution File, Format Version 12.00
# Visual Studio 15
VisualStudioVersion = 15.0.26730.16
MinimumVisualStudioVersion = 10.0.40219.1
Project("{FAE04EC0-301F-11D3-BF4B-00C04F79EFBC}") = "CS-006", "CS-006\CS-006.csproj", "{D17D03EC-4472-454E-A9AC-6CF4BD692C2D}"
EndProject
Global
	GlobalSection(SolutionConfigurationPlatforms) = preSolution
		Debug|Any CPU = Debug|Any CPU
		Release|Any CPU = Release|Any CPU
	EndGlobalSection
	GlobalSection(ProjectConfigurationPlatforms) = postSolution
		{D17D03EC-4472-454E-A9AC-6CF4BD692C2D}.Debug|Any CPU.ActiveCfg = Debug|Any CPU
		{D17D03EC-4472-454E-A9AC-6CF4BD692C2D}.Debug|Any CPU.Build.0 = Debug|Any CPU
		{D17D03EC-4472-454E-A9AC-6CF4BD692C2D}.Release|Any CPU.ActiveCfg = Release|Any CPU
		{D17D03EC-4472-454E-A9AC-6CF4BD692C2D}.Release|Any CPU.Build.0 = Release|Any CPU
	EndGlobalSection
	GlobalSection(SolutionProperties) = preSolution
		HideSolutionNode = FALSE
	EndGlobalSection
	GlobalSection(ExtensibilityGlobals) = postSolution
		SolutionGuid = {5DB17BFB-033C-4FB1-B4FD-11A87F63F24F}
	EndGlobalSection
EndGlobal
