
Microsoft Visual Studio Solution File, Format Version 12.00
# Visual Studio 15
VisualStudioVersion = 15.0.26730.16
MinimumVisualStudioVersion = 10.0.40219.1
Project("{FAE04EC0-301F-11D3-BF4B-00C04F79EFBC}") = "ChallengeEpicSpies", "ChallengeEpicSpies\ChallengeEpicSpies.csproj", "{CFD62C46-DF81-4885-BF67-CD18DA7D43A2}"
EndProject
Global
	GlobalSection(SolutionConfigurationPlatforms) = preSolution
		Debug|Any CPU = Debug|Any CPU
		Release|Any CPU = Release|Any CPU
	EndGlobalSection
	GlobalSection(ProjectConfigurationPlatforms) = postSolution
		{CFD62C46-DF81-4885-BF67-CD18DA7D43A2}.Debug|Any CPU.ActiveCfg = Debug|Any CPU
		{CFD62C46-DF81-4885-BF67-CD18DA7D43A2}.Debug|Any CPU.Build.0 = Debug|Any CPU
		{CFD62C46-DF81-4885-BF67-CD18DA7D43A2}.Release|Any CPU.ActiveCfg = Release|Any CPU
		{CFD62C46-DF81-4885-BF67-CD18DA7D43A2}.Release|Any CPU.Build.0 = Release|Any CPU
	EndGlobalSection
	GlobalSection(SolutionProperties) = preSolution
		HideSolutionNode = FALSE
	EndGlobalSection
	GlobalSection(ExtensibilityGlobals) = postSolution
		SolutionGuid = {77DF6C3D-C21A-4DD9-848B-E5D9C7939DFB}
	EndGlobalSection
EndGlobal
