
Microsoft Visual Studio Solution File, Format Version 12.00
# Visual Studio 15
VisualStudioVersion = 15.0.26730.16
MinimumVisualStudioVersion = 10.0.40219.1
Project("{FAE04EC0-301F-11D3-BF4B-00C04F79EFBC}") = "SpiesAssetTracker", "SpiesAssetTracker\SpiesAssetTracker.csproj", "{7FB2A078-676E-45C7-AB11-3D89E9083195}"
EndProject
Global
	GlobalSection(SolutionConfigurationPlatforms) = preSolution
		Debug|Any CPU = Debug|Any CPU
		Release|Any CPU = Release|Any CPU
	EndGlobalSection
	GlobalSection(ProjectConfigurationPlatforms) = postSolution
		{7FB2A078-676E-45C7-AB11-3D89E9083195}.Debug|Any CPU.ActiveCfg = Debug|Any CPU
		{7FB2A078-676E-45C7-AB11-3D89E9083195}.Debug|Any CPU.Build.0 = Debug|Any CPU
		{7FB2A078-676E-45C7-AB11-3D89E9083195}.Release|Any CPU.ActiveCfg = Release|Any CPU
		{7FB2A078-676E-45C7-AB11-3D89E9083195}.Release|Any CPU.Build.0 = Release|Any CPU
	EndGlobalSection
	GlobalSection(SolutionProperties) = preSolution
		HideSolutionNode = FALSE
	EndGlobalSection
	GlobalSection(ExtensibilityGlobals) = postSolution
		SolutionGuid = {D9FBD36D-6A01-4CAE-9E7F-35C452D5D553}
	EndGlobalSection
EndGlobal
