
Microsoft Visual Studio Solution File, Format Version 12.00
# Visual Studio 15
VisualStudioVersion = 15.0.26730.16
MinimumVisualStudioVersion = 10.0.40219.1
Project("{FAE04EC0-301F-11D3-BF4B-00C04F79EFBC}") = "WebResume", "WebResume\WebResume.csproj", "{07497D70-B725-4771-808E-DE730E24D501}"
EndProject
Global
	GlobalSection(SolutionConfigurationPlatforms) = preSolution
		Debug|Any CPU = Debug|Any CPU
		Release|Any CPU = Release|Any CPU
	EndGlobalSection
	GlobalSection(ProjectConfigurationPlatforms) = postSolution
		{07497D70-B725-4771-808E-DE730E24D501}.Debug|Any CPU.ActiveCfg = Debug|Any CPU
		{07497D70-B725-4771-808E-DE730E24D501}.Debug|Any CPU.Build.0 = Debug|Any CPU
		{07497D70-B725-4771-808E-DE730E24D501}.Release|Any CPU.ActiveCfg = Release|Any CPU
		{07497D70-B725-4771-808E-DE730E24D501}.Release|Any CPU.Build.0 = Release|Any CPU
	EndGlobalSection
	GlobalSection(SolutionProperties) = preSolution
		HideSolutionNode = FALSE
	EndGlobalSection
	GlobalSection(ExtensibilityGlobals) = postSolution
		SolutionGuid = {F18FD70D-D5D8-4152-927B-D11F711B03F0}
	EndGlobalSection
EndGlobal
