
Microsoft Visual Studio Solution File, Format Version 12.00
# Visual Studio 15
VisualStudioVersion = 15.0.26730.16
MinimumVisualStudioVersion = 10.0.40219.1
Project("{FAE04EC0-301F-11D3-BF4B-00C04F79EFBC}") = "ChallengeSimpleDarts", "ChallengeSimpleDarts\ChallengeSimpleDarts.csproj", "{CDD53CB6-B26D-469B-A246-7FC25D2CCE12}"
EndProject
Project("{FAE04EC0-301F-11D3-BF4B-00C04F79EFBC}") = "Darts", "Darts\Darts.csproj", "{1F4EADF5-46F9-4FE5-9779-1D27C15EA321}"
EndProject
Global
	GlobalSection(SolutionConfigurationPlatforms) = preSolution
		Debug|Any CPU = Debug|Any CPU
		Release|Any CPU = Release|Any CPU
	EndGlobalSection
	GlobalSection(ProjectConfigurationPlatforms) = postSolution
		{CDD53CB6-B26D-469B-A246-7FC25D2CCE12}.Debug|Any CPU.ActiveCfg = Debug|Any CPU
		{CDD53CB6-B26D-469B-A246-7FC25D2CCE12}.Debug|Any CPU.Build.0 = Debug|Any CPU
		{CDD53CB6-B26D-469B-A246-7FC25D2CCE12}.Release|Any CPU.ActiveCfg = Release|Any CPU
		{CDD53CB6-B26D-469B-A246-7FC25D2CCE12}.Release|Any CPU.Build.0 = Release|Any CPU
		{1F4EADF5-46F9-4FE5-9779-1D27C15EA321}.Debug|Any CPU.ActiveCfg = Debug|Any CPU
		{1F4EADF5-46F9-4FE5-9779-1D27C15EA321}.Debug|Any CPU.Build.0 = Debug|Any CPU
		{1F4EADF5-46F9-4FE5-9779-1D27C15EA321}.Release|Any CPU.ActiveCfg = Release|Any CPU
		{1F4EADF5-46F9-4FE5-9779-1D27C15EA321}.Release|Any CPU.Build.0 = Release|Any CPU
	EndGlobalSection
	GlobalSection(SolutionProperties) = preSolution
		HideSolutionNode = FALSE
	EndGlobalSection
	GlobalSection(ExtensibilityGlobals) = postSolution
		SolutionGuid = {57294B79-9264-4AFB-B221-BD091D041231}
	EndGlobalSection
EndGlobal
