
Microsoft Visual Studio Solution File, Format Version 12.00
# Visual Studio 15
VisualStudioVersion = 15.0.26730.16
MinimumVisualStudioVersion = 10.0.40219.1
Project("{FAE04EC0-301F-11D3-BF4B-00C04F79EFBC}") = "ChallengeHeroMonsterClasses1", "ChallengeHeroMonsterClasses1\ChallengeHeroMonsterClasses1.csproj", "{0AE1890B-07B9-4150-80EE-97507347F593}"
EndProject
Global
	GlobalSection(SolutionConfigurationPlatforms) = preSolution
		Debug|Any CPU = Debug|Any CPU
		Release|Any CPU = Release|Any CPU
	EndGlobalSection
	GlobalSection(ProjectConfigurationPlatforms) = postSolution
		{0AE1890B-07B9-4150-80EE-97507347F593}.Debug|Any CPU.ActiveCfg = Debug|Any CPU
		{0AE1890B-07B9-4150-80EE-97507347F593}.Debug|Any CPU.Build.0 = Debug|Any CPU
		{0AE1890B-07B9-4150-80EE-97507347F593}.Release|Any CPU.ActiveCfg = Release|Any CPU
		{0AE1890B-07B9-4150-80EE-97507347F593}.Release|Any CPU.Build.0 = Release|Any CPU
	EndGlobalSection
	GlobalSection(SolutionProperties) = preSolution
		HideSolutionNode = FALSE
	EndGlobalSection
	GlobalSection(ExtensibilityGlobals) = postSolution
		SolutionGuid = {5B5AC09E-BF5A-450E-9E9E-2D438256F060}
	EndGlobalSection
EndGlobal
