
Microsoft Visual Studio Solution File, Format Version 12.00
# Visual Studio 15
VisualStudioVersion = 15.0.26730.16
MinimumVisualStudioVersion = 10.0.40219.1
Project("{FAE04EC0-301F-11D3-BF4B-00C04F79EFBC}") = "CS-ASP_014", "CS-ASP_014\CS-ASP_014.csproj", "{2AD49416-9E31-4262-A6F2-2E1B2685D54E}"
EndProject
Global
	GlobalSection(SolutionConfigurationPlatforms) = preSolution
		Debug|Any CPU = Debug|Any CPU
		Release|Any CPU = Release|Any CPU
	EndGlobalSection
	GlobalSection(ProjectConfigurationPlatforms) = postSolution
		{2AD49416-9E31-4262-A6F2-2E1B2685D54E}.Debug|Any CPU.ActiveCfg = Debug|Any CPU
		{2AD49416-9E31-4262-A6F2-2E1B2685D54E}.Debug|Any CPU.Build.0 = Debug|Any CPU
		{2AD49416-9E31-4262-A6F2-2E1B2685D54E}.Release|Any CPU.ActiveCfg = Release|Any CPU
		{2AD49416-9E31-4262-A6F2-2E1B2685D54E}.Release|Any CPU.Build.0 = Release|Any CPU
	EndGlobalSection
	GlobalSection(SolutionProperties) = preSolution
		HideSolutionNode = FALSE
	EndGlobalSection
	GlobalSection(ExtensibilityGlobals) = postSolution
		SolutionGuid = {FC01101C-CD2D-49EB-A890-F0AAE2AD061B}
	EndGlobalSection
EndGlobal
